// !$*UTF8*$!
{
	archiveVersion = 1;
	classes = {
	};
	objectVersion = 46;
	objects = {

/* Begin PBXBuildFile section */
		1D6A30A1559B66F63A900C2C /* AuthorizationAPIClient.swift in Sources */ = {isa = PBXBuildFile; fileRef = 1D6A31B535F01E8F57F1BF14 /* AuthorizationAPIClient.swift */; };
		1D6A345E18B9372548CD5C3A /* UserSession.swift in Sources */ = {isa = PBXBuildFile; fileRef = 1D6A3B955F6B715B9E3D8229 /* UserSession.swift */; };
		1D6A36B52DC4376435BCF271 /* UserSessionPrototype.swift in Sources */ = {isa = PBXBuildFile; fileRef = 1D6A3A121BF0DA7AFBA0610F /* UserSessionPrototype.swift */; };
		1D6A39BDA9CAAB4F3050EB0C /* UserSessionPathBuilder.swift in Sources */ = {isa = PBXBuildFile; fileRef = 1D6A3EED98623952D8B03BA6 /* UserSessionPathBuilder.swift */; };
		1D6A3B9D531BBD68AE36DF73 /* UserSessionController.swift in Sources */ = {isa = PBXBuildFile; fileRef = 1D6A3A00D647538978A1782A /* UserSessionController.swift */; };
		AD1FF03F1B763FCA009657E4 /* AppDelegate.swift in Sources */ = {isa = PBXBuildFile; fileRef = AD1FF03E1B763FCA009657E4 /* AppDelegate.swift */; };
		AD1FF0411B763FCA009657E4 /* ViewController.swift in Sources */ = {isa = PBXBuildFile; fileRef = AD1FF0401B763FCA009657E4 /* ViewController.swift */; };
		AD1FF0441B763FCA009657E4 /* Main.storyboard in Resources */ = {isa = PBXBuildFile; fileRef = AD1FF0421B763FCA009657E4 /* Main.storyboard */; };
		AD1FF0461B763FCA009657E4 /* Images.xcassets in Resources */ = {isa = PBXBuildFile; fileRef = AD1FF0451B763FCA009657E4 /* Images.xcassets */; };
		AD1FF0491B763FCA009657E4 /* LaunchScreen.xib in Resources */ = {isa = PBXBuildFile; fileRef = AD1FF0471B763FCA009657E4 /* LaunchScreen.xib */; };
/* End PBXBuildFile section */

/* Begin PBXFileReference section */
		1D6A31B535F01E8F57F1BF14 /* AuthorizationAPIClient.swift */ = {isa = PBXFileReference; fileEncoding = 4; lastKnownFileType = sourcecode.swift; path = AuthorizationAPIClient.swift; sourceTree = "<group>"; };
		1D6A3A00D647538978A1782A /* UserSessionController.swift */ = {isa = PBXFileReference; fileEncoding = 4; lastKnownFileType = sourcecode.swift; path = UserSessionController.swift; sourceTree = "<group>"; };
		1D6A3A121BF0DA7AFBA0610F /* UserSessionPrototype.swift */ = {isa = PBXFileReference; fileEncoding = 4; lastKnownFileType = sourcecode.swift; path = UserSessionPrototype.swift; sourceTree = "<group>"; };
		1D6A3B955F6B715B9E3D8229 /* UserSession.swift */ = {isa = PBXFileReference; fileEncoding = 4; lastKnownFileType = sourcecode.swift; path = UserSession.swift; sourceTree = "<group>"; };
		1D6A3EED98623952D8B03BA6 /* UserSessionPathBuilder.swift */ = {isa = PBXFileReference; fileEncoding = 4; lastKnownFileType = sourcecode.swift; path = UserSessionPathBuilder.swift; sourceTree = "<group>"; };
		AD1FF0391B763FCA009657E4 /* UserSessionSample.app */ = {isa = PBXFileReference; explicitFileType = wrapper.application; includeInIndex = 0; path = UserSessionSample.app; sourceTree = BUILT_PRODUCTS_DIR; };
		AD1FF03D1B763FCA009657E4 /* Info.plist */ = {isa = PBXFileReference; lastKnownFileType = text.plist.xml; path = Info.plist; sourceTree = "<group>"; };
		AD1FF03E1B763FCA009657E4 /* AppDelegate.swift */ = {isa = PBXFileReference; lastKnownFileType = sourcecode.swift; path = AppDelegate.swift; sourceTree = "<group>"; };
		AD1FF0401B763FCA009657E4 /* ViewController.swift */ = {isa = PBXFileReference; lastKnownFileType = sourcecode.swift; path = ViewController.swift; sourceTree = "<group>"; };
		AD1FF0431B763FCA009657E4 /* Base */ = {isa = PBXFileReference; lastKnownFileType = file.storyboard; name = Base; path = Base.lproj/Main.storyboard; sourceTree = "<group>"; };
		AD1FF0451B763FCA009657E4 /* Images.xcassets */ = {isa = PBXFileReference; lastKnownFileType = folder.assetcatalog; path = Images.xcassets; sourceTree = "<group>"; };
		AD1FF0481B763FCA009657E4 /* Base */ = {isa = PBXFileReference; lastKnownFileType = file.xib; name = Base; path = Base.lproj/LaunchScreen.xib; sourceTree = "<group>"; };
/* End PBXFileReference section */

/* Begin PBXFrameworksBuildPhase section */
		AD1FF0361B763FCA009657E4 /* Frameworks */ = {
			isa = PBXFrameworksBuildPhase;
			buildActionMask = 2147483647;
			files = (
			);
			runOnlyForDeploymentPostprocessing = 0;
		};
/* End PBXFrameworksBuildPhase section */

/* Begin PBXGroup section */
		1D6A360549FE935F31A9E18A /* Network */ = {
			isa = PBXGroup;
			children = (
				1D6A31B535F01E8F57F1BF14 /* AuthorizationAPIClient.swift */,
			);
			path = Network;
			sourceTree = "<group>";
		};
		1D6A3AB557E350F0A6DB1148 /* UserSession */ = {
			isa = PBXGroup;
			children = (
				1D6A3B955F6B715B9E3D8229 /* UserSession.swift */,
				1D6A3A00D647538978A1782A /* UserSessionController.swift */,
				1D6A3EED98623952D8B03BA6 /* UserSessionPathBuilder.swift */,
				1D6A3A121BF0DA7AFBA0610F /* UserSessionPrototype.swift */,
			);
			path = UserSession;
			sourceTree = "<group>";
		};
		1D6A3E493229350FC0069F14 /* Logic */ = {
			isa = PBXGroup;
			children = (
				1D6A3AB557E350F0A6DB1148 /* UserSession */,
				1D6A360549FE935F31A9E18A /* Network */,
			);
			path = Logic;
			sourceTree = "<group>";
		};
		AD1FF0301B763FCA009657E4 = {
			isa = PBXGroup;
			children = (
				AD1FF03B1B763FCA009657E4 /* UserSessionSample */,
				AD1FF03A1B763FCA009657E4 /* Products */,
			);
			sourceTree = "<group>";
		};
		AD1FF03A1B763FCA009657E4 /* Products */ = {
			isa = PBXGroup;
			children = (
				AD1FF0391B763FCA009657E4 /* UserSessionSample.app */,
			);
			name = Products;
			sourceTree = "<group>";
		};
		AD1FF03B1B763FCA009657E4 /* UserSessionSample */ = {
			isa = PBXGroup;
			children = (
				AD1FF03E1B763FCA009657E4 /* AppDelegate.swift */,
				AD1FF0401B763FCA009657E4 /* ViewController.swift */,
				AD1FF0421B763FCA009657E4 /* Main.storyboard */,
				AD1FF0451B763FCA009657E4 /* Images.xcassets */,
				AD1FF0471B763FCA009657E4 /* LaunchScreen.xib */,
				AD1FF03C1B763FCA009657E4 /* Supporting Files */,
				1D6A3E493229350FC0069F14 /* Logic */,
			);
			path = UserSessionSample;
			sourceTree = "<group>";
		};
		AD1FF03C1B763FCA009657E4 /* Supporting Files */ = {
			isa = PBXGroup;
			children = (
				AD1FF03D1B763FCA009657E4 /* Info.plist */,
			);
			name = "Supporting Files";
			sourceTree = "<group>";
		};
/* End PBXGroup section */

/* Begin PBXNativeTarget section */
		AD1FF0381B763FCA009657E4 /* UserSessionSample */ = {
			isa = PBXNativeTarget;
			buildConfigurationList = AD1FF0581B763FCA009657E4 /* Build configuration list for PBXNativeTarget "UserSessionSample" */;
			buildPhases = (
				AD1FF0351B763FCA009657E4 /* Sources */,
				AD1FF0361B763FCA009657E4 /* Frameworks */,
				AD1FF0371B763FCA009657E4 /* Resources */,
			);
			buildRules = (
			);
			dependencies = (
			);
			name = UserSessionSample;
			productName = UserSessionSample;
			productReference = AD1FF0391B763FCA009657E4 /* UserSessionSample.app */;
			productType = "com.apple.product-type.application";
		};
/* End PBXNativeTarget section */

/* Begin PBXProject section */
		AD1FF0311B763FCA009657E4 /* Project object */ = {
			isa = PBXProject;
			attributes = {
				LastUpgradeCheck = 0640;
				ORGANIZATIONNAME = dimazen;
				TargetAttributes = {
					AD1FF0381B763FCA009657E4 = {
						CreatedOnToolsVersion = 6.4;
					};
				};
			};
			buildConfigurationList = AD1FF0341B763FCA009657E4 /* Build configuration list for PBXProject "UserSessionSample" */;
			compatibilityVersion = "Xcode 3.2";
			developmentRegion = English;
			hasScannedForEncodings = 0;
			knownRegions = (
				en,
				Base,
			);
			mainGroup = AD1FF0301B763FCA009657E4;
			productRefGroup = AD1FF03A1B763FCA009657E4 /* Products */;
			projectDirPath = "";
			projectRoot = "";
			targets = (
				AD1FF0381B763FCA009657E4 /* UserSessionSample */,
			);
		};
/* End PBXProject section */

/* Begin PBXResourcesBuildPhase section */
		AD1FF0371B763FCA009657E4 /* Resources */ = {
			isa = PBXResourcesBuildPhase;
			buildActionMask = 2147483647;
			files = (
				AD1FF0441B763FCA009657E4 /* Main.storyboard in Resources */,
				AD1FF0491B763FCA009657E4 /* LaunchScreen.xib in Resources */,
				AD1FF0461B763FCA009657E4 /* Images.xcassets in Resources */,
			);
			runOnlyForDeploymentPostprocessing = 0;
		};
/* End PBXResourcesBuildPhase section */

/* Begin PBXSourcesBuildPhase section */
		AD1FF0351B763FCA009657E4 /* Sources */ = {
			isa = PBXSourcesBuildPhase;
			buildActionMask = 2147483647;
			files = (
				AD1FF0411B763FCA009657E4 /* ViewController.swift in Sources */,
				AD1FF03F1B763FCA009657E4 /* AppDelegate.swift in Sources */,
				1D6A345E18B9372548CD5C3A /* UserSession.swift in Sources */,
				1D6A3B9D531BBD68AE36DF73 /* UserSessionController.swift in Sources */,
				1D6A39BDA9CAAB4F3050EB0C /* UserSessionPathBuilder.swift in Sources */,
				1D6A30A1559B66F63A900C2C /* AuthorizationAPIClient.swift in Sources */,
				1D6A36B52DC4376435BCF271 /* UserSessionPrototype.swift in Sources */,
			);
			runOnlyForDeploymentPostprocessing = 0;
		};
/* End PBXSourcesBuildPhase section */

/* Begin PBXVariantGroup section */
		AD1FF0421B763FCA009657E4 /* Main.storyboard */ = {
			isa = PBXVariantGroup;
			children = (
				AD1FF0431B763FCA009657E4 /* Base */,
			);
			name = Main.storyboard;
			sourceTree = "<group>";
		};
		AD1FF0471B763FCA009657E4 /* LaunchScreen.xib */ = {
			isa = PBXVariantGroup;
			children = (
				AD1FF0481B763FCA009657E4 /* Base */,
			);
			name = LaunchScreen.xib;
			sourceTree = "<group>";
		};
/* End PBXVariantGroup section */

/* Begin XCBuildConfiguration section */
		AD1FF0561B763FCA009657E4 /* Debug */ = {
			isa = XCBuildConfiguration;
			buildSettings = {
				ALWAYS_SEARCH_USER_PATHS = NO;
				CLANG_CXX_LANGUAGE_STANDARD = "gnu++0x";
				CLANG_CXX_LIBRARY = "libc++";
				CLANG_ENABLE_MODULES = YES;
				CLANG_ENABLE_OBJC_ARC = YES;
				CLANG_WARN_BOOL_CONVERSION = YES;
				CLANG_WARN_CONSTANT_CONVERSION = YES;
				CLANG_WARN_DIRECT_OBJC_ISA_USAGE = YES_ERROR;
				CLANG_WARN_EMPTY_BODY = YES;
				CLANG_WARN_ENUM_CONVERSION = YES;
				CLANG_WARN_INT_CONVERSION = YES;
				CLANG_WARN_OBJC_ROOT_CLASS = YES_ERROR;
				CLANG_WARN_UNREACHABLE_CODE = YES;
				CLANG_WARN__DUPLICATE_METHOD_MATCH = YES;
				"CODE_SIGN_IDENTITY[sdk=iphoneos*]" = "iPhone Developer";
				COPY_PHASE_STRIP = NO;
				DEBUG_INFORMATION_FORMAT = "dwarf-with-dsym";
				ENABLE_STRICT_OBJC_MSGSEND = YES;
				GCC_C_LANGUAGE_STANDARD = gnu99;
				GCC_DYNAMIC_NO_PIC = NO;
				GCC_NO_COMMON_BLOCKS = YES;
				GCC_OPTIMIZATION_LEVEL = 0;
				GCC_PREPROCESSOR_DEFINITIONS = (
					"DEBUG=1",
					"$(inherited)",
				);
				GCC_SYMBOLS_PRIVATE_EXTERN = NO;
				GCC_WARN_64_TO_32_BIT_CONVERSION = YES;
				GCC_WARN_ABOUT_RETURN_TYPE = YES_ERROR;
				GCC_WARN_UNDECLARED_SELECTOR = YES;
				GCC_WARN_UNINITIALIZED_AUTOS = YES_AGGRESSIVE;
				GCC_WARN_UNUSED_FUNCTION = YES;
				GCC_WARN_UNUSED_VARIABLE = YES;
				IPHONEOS_DEPLOYMENT_TARGET = 8.4;
				MTL_ENABLE_DEBUG_INFO = YES;
				ONLY_ACTIVE_ARCH = YES;
				SDKROOT = iphoneos;
				SWIFT_OPTIMIZATION_LEVEL = "-Onone";
			};
			name = Debug;
		};
		AD1FF0571B763FCA009657E4 /* Release */ = {
			isa = XCBuildConfiguration;
			buildSettings = {
				ALWAYS_SEARCH_USER_PATHS = NO;
				CLANG_CXX_LANGUAGE_STANDARD = "gnu++0x";
				CLANG_CXX_LIBRARY = "libc++";
				CLANG_ENABLE_MODULES = YES;
				CLANG_ENABLE_OBJC_ARC = YES;
				CLANG_WARN_BOOL_CONVERSION = YES;
				CLANG_WARN_CONSTANT_CONVERSION = YES;
				CLANG_WARN_DIRECT_OBJC_ISA_USAGE = YES_ERROR;
				CLANG_WARN_EMPTY_BODY = YES;
				CLANG_WARN_ENUM_CONVERSION = YES;
				CLANG_WARN_INT_CONVERSION = YES;
				CLANG_WARN_OBJC_ROOT_CLASS = YES_ERROR;
				CLANG_WARN_UNREACHABLE_CODE = YES;
				CLANG_WARN__DUPLICATE_METHOD_MATCH = YES;
				"CODE_SIGN_IDENTITY[sdk=iphoneos*]" = "iPhone Developer";
				COPY_PHASE_STRIP = NO;
				DEBUG_INFORMATION_FORMAT = "dwarf-with-dsym";
				ENABLE_NS_ASSERTIONS = NO;
				ENABLE_STRICT_OBJC_MSGSEND = YES;
				GCC_C_LANGUAGE_STANDARD = gnu99;
				GCC_NO_COMMON_BLOCKS = YES;
				GCC_WARN_64_TO_32_BIT_CONVERSION = YES;
				GCC_WARN_ABOUT_RETURN_TYPE = YES_ERROR;
				GCC_WARN_UNDECLARED_SELECTOR = YES;
				GCC_WARN_UNINITIALIZED_AUTOS = YES_AGGRESSIVE;
				GCC_WARN_UNUSED_FUNCTION = YES;
				GCC_WARN_UNUSED_VARIABLE = YES;
				IPHONEOS_DEPLOYMENT_TARGET = 8.4;
				MTL_ENABLE_DEBUG_INFO = NO;
				SDKROOT = iphoneos;
				VALIDATE_PRODUCT = YES;
			};
			name = Release;
		};
		AD1FF0591B763FCA009657E4 /* Debug */ = {
			isa = XCBuildConfiguration;
			buildSettings = {
				ASSETCATALOG_COMPILER_APPICON_NAME = AppIcon;
				INFOPLIST_FILE = UserSessionSample/Info.plist;
				LD_RUNPATH_SEARCH_PATHS = "$(inherited) @executable_path/Frameworks";
				PRODUCT_NAME = "$(TARGET_NAME)";
			};
			name = Debug;
		};
		AD1FF05A1B763FCA009657E4 /* Release */ = {
			isa = XCBuildConfiguration;
			buildSettings = {
				ASSETCATALOG_COMPILER_APPICON_NAME = AppIcon;
				INFOPLIST_FILE = UserSessionSample/Info.plist;
				LD_RUNPATH_SEARCH_PATHS = "$(inherited) @executable_path/Frameworks";
				PRODUCT_NAME = "$(TARGET_NAME)";
			};
			name = Release;
		};
/* End XCBuildConfiguration section */

/* Begin XCConfigurationList section */
		AD1FF0341B763FCA009657E4 /* Build configuration list for PBXProject "UserSessionSample" */ = {
			isa = XCConfigurationList;
			buildConfigurations = (
				AD1FF0561B763FCA009657E4 /* Debug */,
				AD1FF0571B763FCA009657E4 /* Release */,
			);
			defaultConfigurationIsVisible = 0;
			defaultConfigurationName = Release;
		};
		AD1FF0581B763FCA009657E4 /* Build configuration list for PBXNativeTarget "UserSessionSample" */ = {
			isa = XCConfigurationList;
			buildConfigurations = (
				AD1FF0591B763FCA009657E4 /* Debug */,
				AD1FF05A1B763FCA009657E4 /* Release */,
			);
			defaultConfigurationIsVisible = 0;
			defaultConfigurationName = Release;
		};
/* End XCConfigurationList section */
	};
	rootObject = AD1FF0311B763FCA009657E4 /* Project object */;
}
